
Microsoft Visual Studio Solution File, Format Version 12.00
# Visual Studio Version 17
VisualStudioVersion = 17.10.34916.146
MinimumVisualStudioVersion = 10.0.40219.1
Project("{FAE04EC0-301F-11D3-BF4B-00C04F79EFBC}") = "ProyectoCompuX", "ProyectoCompuX\ProyectoCompuX.csproj", "{4C438C20-C374-4B0A-B9C7-B0DA5D3E83DC}"
EndProject
Global
	GlobalSection(SolutionConfigurationPlatforms) = preSolution
		Debug|Any CPU = Debug|Any CPU
		Release|Any CPU = Release|Any CPU
	EndGlobalSection
	GlobalSection(ProjectConfigurationPlatforms) = postSolution
		{4C438C20-C374-4B0A-B9C7-B0DA5D3E83DC}.Debug|Any CPU.ActiveCfg = Debug|Any CPU
		{4C438C20-C374-4B0A-B9C7-B0DA5D3E83DC}.Debug|Any CPU.Build.0 = Debug|Any CPU
		{4C438C20-C374-4B0A-B9C7-B0DA5D3E83DC}.Release|Any CPU.ActiveCfg = Release|Any CPU
		{4C438C20-C374-4B0A-B9C7-B0DA5D3E83DC}.Release|Any CPU.Build.0 = Release|Any CPU
	EndGlobalSection
	GlobalSection(SolutionProperties) = preSolution
		HideSolutionNode = FALSE
	EndGlobalSection
	GlobalSection(ExtensibilityGlobals) = postSolution
		SolutionGuid = {09A8BAA4-C1EF-457F-AED1-74D6E0E7006D}
	EndGlobalSection
EndGlobal
